
Microsoft Visual Studio Solution File, Format Version 12.00
# Visual Studio 15
VisualStudioVersion = 15.0.28307.106
MinimumVisualStudioVersion = 10.0.40219.1
Project("{FAE04EC0-301F-11D3-BF4B-00C04F79EFBC}") = "Plugin.Development", "Plugin.Development\Plugin.Development.csproj", "{70497C74-2A39-4369-BF29-0DE9EEB44C2D}"
EndProject
Global
	GlobalSection(SolutionConfigurationPlatforms) = preSolution
		Debug|Any CPU = Debug|Any CPU
		Release|Any CPU = Release|Any CPU
	EndGlobalSection
	GlobalSection(ProjectConfigurationPlatforms) = postSolution
		{70497C74-2A39-4369-BF29-0DE9EEB44C2D}.Debug|Any CPU.ActiveCfg = Debug|Any CPU
		{70497C74-2A39-4369-BF29-0DE9EEB44C2D}.Debug|Any CPU.Build.0 = Debug|Any CPU
		{70497C74-2A39-4369-BF29-0DE9EEB44C2D}.Release|Any CPU.ActiveCfg = Release|Any CPU
		{70497C74-2A39-4369-BF29-0DE9EEB44C2D}.Release|Any CPU.Build.0 = Release|Any CPU
	EndGlobalSection
	GlobalSection(SolutionProperties) = preSolution
		HideSolutionNode = FALSE
	EndGlobalSection
	GlobalSection(ExtensibilityGlobals) = postSolution
		SolutionGuid = {D53DBC31-5C5F-4F07-96BD-57317C0F78CF}
	EndGlobalSection
EndGlobal
